# This file is autogenerated, do not edit; changes may be undone by the next 'dep ensure'.


[[projects]]
  digest = "1:ffe9824d294da03b391f44e1ae8281281b4afc1bdaa9588c9097785e3af10cec"
  name = "github.com/davecgh/go-spew"
  packages = ["spew"]
  pruneopts = "UT"
  revision = "8991bc29aa16c548c550c7ff78260e27b9ab7c73"
  version = "v1.1.1"

[[projects]]
  branch = "master"
  digest = "1:cc53b1c716127359228f7875cab77c86057686028b237f3943824395a0fca736"
  name = "github.com/dusankasan/parsemail"
  packages = ["."]
  pruneopts = "UT"
  revision = "abc648830b9a1e9440c2c817a42a73a17c0d0c64"

[[projects]]
  branch = "master"
  digest = "1:7cc7f47cf4e6f9be30f0e38934f6470cf4c35c9479350bc5e764d3e428018e2e"
  name = "github.com/emersion/go-sasl"
  packages = ["."]
  pruneopts = "UT"
  revision = "7e096a0a6197b89989e8cc31016daa67c8c62051"

[[projects]]
  digest = "1:f0ea20ede08a03705dc2145b43b862baacc947ed84fbe8efc5ab6e1a6c856ec8"
  name = "github.com/emersion/go-smtp"
  packages = ["."]
  pruneopts = "UT"
  revision = "9d3c478e4bb30b8f94166cfd7395c7bc6ddb6563"
  version = "v0.9.0"

[[projects]]
  digest = "1:0028cb19b2e4c3112225cd871870f2d9cf49b9b4276531f03438a88e94be86fe"
  name = "github.com/pmezard/go-difflib"
  packages = ["difflib"]
  pruneopts = "UT"
  revision = "792786c7400a136282c1664665ae0a8db921c6c2"
  version = "v1.0.0"

[[projects]]
  digest = "1:972c2427413d41a1e06ca4897e8528e5a1622894050e2f527b38ddf0f343f759"
  name = "github.com/stretchr/testify"
  packages = ["assert"]
  pruneopts = "UT"
  revision = "ffdc059bfe9ce6a4e144ba849dbedead332c6053"
  version = "v1.3.0"

[solve-meta]
  analyzer-name = "dep"
  analyzer-version = 1
  input-imports = [
    "github.com/dusankasan/parsemail",
    "github.com/emersion/go-smtp",
    "github.com/stretchr/testify/assert",
  ]
  solver-name = "gps-cdcl"
  solver-version = 1
